
Microsoft Visual Studio Solution File, Format Version 12.00
# Visual Studio Version 17
VisualStudioVersion = 17.9.34714.143
MinimumVisualStudioVersion = 10.0.40219.1
Project("{FAE04EC0-301F-11D3-BF4B-00C04F79EFBC}") = "TaskWebApiIntegration", "TaskWebApiIntegration\TaskWebApiIntegration.csproj", "{9CF1F90F-2EFD-40B7-9BC8-E94542C6E5FA}"
EndProject
Project("{FAE04EC0-301F-11D3-BF4B-00C04F79EFBC}") = "TaskWebApi", "TaskWebApi\TaskWebApi.csproj", "{1B86365F-3FA2-4DF0-ABB3-560A5E206835}"
EndProject
Global
	GlobalSection(SolutionConfigurationPlatforms) = preSolution
		Debug|Any CPU = Debug|Any CPU
		Release|Any CPU = Release|Any CPU
	EndGlobalSection
	GlobalSection(ProjectConfigurationPlatforms) = postSolution
		{9CF1F90F-2EFD-40B7-9BC8-E94542C6E5FA}.Debug|Any CPU.ActiveCfg = Debug|Any CPU
		{9CF1F90F-2EFD-40B7-9BC8-E94542C6E5FA}.Debug|Any CPU.Build.0 = Debug|Any CPU
		{9CF1F90F-2EFD-40B7-9BC8-E94542C6E5FA}.Release|Any CPU.ActiveCfg = Release|Any CPU
		{9CF1F90F-2EFD-40B7-9BC8-E94542C6E5FA}.Release|Any CPU.Build.0 = Release|Any CPU
		{1B86365F-3FA2-4DF0-ABB3-560A5E206835}.Debug|Any CPU.ActiveCfg = Debug|Any CPU
		{1B86365F-3FA2-4DF0-ABB3-560A5E206835}.Debug|Any CPU.Build.0 = Debug|Any CPU
		{1B86365F-3FA2-4DF0-ABB3-560A5E206835}.Release|Any CPU.ActiveCfg = Release|Any CPU
		{1B86365F-3FA2-4DF0-ABB3-560A5E206835}.Release|Any CPU.Build.0 = Release|Any CPU
	EndGlobalSection
	GlobalSection(SolutionProperties) = preSolution
		HideSolutionNode = FALSE
	EndGlobalSection
	GlobalSection(ExtensibilityGlobals) = postSolution
		SolutionGuid = {401AAB68-AA5B-4449-BCCB-F67124E9BBCB}
	EndGlobalSection
EndGlobal
